
Microsoft Visual Studio Solution File, Format Version 12.00
# Visual Studio 14
VisualStudioVersion = 14.0.25420.1
MinimumVisualStudioVersion = 10.0.40219.1
Project("{FAE04EC0-301F-11D3-BF4B-00C04F79EFBC}") = "SignalRApp", "SignalRApp\SignalRApp.csproj", "{5F515985-6732-4FED-A8B0-46CF91092C3C}"
EndProject
Project("{FAE04EC0-301F-11D3-BF4B-00C04F79EFBC}") = "SingalRAppTest", "SingalRAppTest\SingalRAppTest.csproj", "{C6616385-E009-41C2-BE6F-B68D55AF435F}"
EndProject
Global
	GlobalSection(SolutionConfigurationPlatforms) = preSolution
		Debug|Any CPU = Debug|Any CPU
		Release|Any CPU = Release|Any CPU
	EndGlobalSection
	GlobalSection(ProjectConfigurationPlatforms) = postSolution
		{5F515985-6732-4FED-A8B0-46CF91092C3C}.Debug|Any CPU.ActiveCfg = Debug|Any CPU
		{5F515985-6732-4FED-A8B0-46CF91092C3C}.Debug|Any CPU.Build.0 = Debug|Any CPU
		{5F515985-6732-4FED-A8B0-46CF91092C3C}.Release|Any CPU.ActiveCfg = Release|Any CPU
		{5F515985-6732-4FED-A8B0-46CF91092C3C}.Release|Any CPU.Build.0 = Release|Any CPU
		{C6616385-E009-41C2-BE6F-B68D55AF435F}.Debug|Any CPU.ActiveCfg = Debug|Any CPU
		{C6616385-E009-41C2-BE6F-B68D55AF435F}.Release|Any CPU.ActiveCfg = Release|Any CPU
		{C6616385-E009-41C2-BE6F-B68D55AF435F}.Release|Any CPU.Build.0 = Release|Any CPU
	EndGlobalSection
	GlobalSection(SolutionProperties) = preSolution
		HideSolutionNode = FALSE
	EndGlobalSection
EndGlobal
